
Microsoft Visual Studio Solution File, Format Version 12.00
# Visual Studio 15
VisualStudioVersion = 15.0.26730.16
MinimumVisualStudioVersion = 10.0.40219.1
Project("{FAE04EC0-301F-11D3-BF4B-00C04F79EFBC}") = "Ex. 2", "Data_Types_And_Variables_Ex\Ex. 2.csproj", "{6CDEF030-D39F-49CE-AFAA-47B519CCA6D0}"
EndProject
Project("{FAE04EC0-301F-11D3-BF4B-00C04F79EFBC}") = "Ex. 3", "ConsoleApp1\Ex. 3.csproj", "{A11A9D4C-248B-4CDA-AD2E-3DDFF5CA0C01}"
EndProject
Project("{FAE04EC0-301F-11D3-BF4B-00C04F79EFBC}") = "Ex. 4", "Ex. 4\Ex. 4.csproj", "{140C79F9-D209-4224-8239-2FE3D6C4240F}"
EndProject
Project("{FAE04EC0-301F-11D3-BF4B-00C04F79EFBC}") = "Ex. 5", "Ex. 5\Ex. 5.csproj", "{CAAA2B59-55C1-4A20-B79D-08AD2BA30596}"
EndProject
Project("{FAE04EC0-301F-11D3-BF4B-00C04F79EFBC}") = "Ex. 6", "Ex. 6\Ex. 6.csproj", "{73CF7EDB-D9E7-425D-8D93-5DF5309FB5CF}"
EndProject
Global
	GlobalSection(SolutionConfigurationPlatforms) = preSolution
		Debug|Any CPU = Debug|Any CPU
		Release|Any CPU = Release|Any CPU
	EndGlobalSection
	GlobalSection(ProjectConfigurationPlatforms) = postSolution
		{6CDEF030-D39F-49CE-AFAA-47B519CCA6D0}.Debug|Any CPU.ActiveCfg = Debug|Any CPU
		{6CDEF030-D39F-49CE-AFAA-47B519CCA6D0}.Debug|Any CPU.Build.0 = Debug|Any CPU
		{6CDEF030-D39F-49CE-AFAA-47B519CCA6D0}.Release|Any CPU.ActiveCfg = Release|Any CPU
		{6CDEF030-D39F-49CE-AFAA-47B519CCA6D0}.Release|Any CPU.Build.0 = Release|Any CPU
		{A11A9D4C-248B-4CDA-AD2E-3DDFF5CA0C01}.Debug|Any CPU.ActiveCfg = Debug|Any CPU
		{A11A9D4C-248B-4CDA-AD2E-3DDFF5CA0C01}.Debug|Any CPU.Build.0 = Debug|Any CPU
		{A11A9D4C-248B-4CDA-AD2E-3DDFF5CA0C01}.Release|Any CPU.ActiveCfg = Release|Any CPU
		{A11A9D4C-248B-4CDA-AD2E-3DDFF5CA0C01}.Release|Any CPU.Build.0 = Release|Any CPU
		{140C79F9-D209-4224-8239-2FE3D6C4240F}.Debug|Any CPU.ActiveCfg = Debug|Any CPU
		{140C79F9-D209-4224-8239-2FE3D6C4240F}.Debug|Any CPU.Build.0 = Debug|Any CPU
		{140C79F9-D209-4224-8239-2FE3D6C4240F}.Release|Any CPU.ActiveCfg = Release|Any CPU
		{140C79F9-D209-4224-8239-2FE3D6C4240F}.Release|Any CPU.Build.0 = Release|Any CPU
		{CAAA2B59-55C1-4A20-B79D-08AD2BA30596}.Debug|Any CPU.ActiveCfg = Debug|Any CPU
		{CAAA2B59-55C1-4A20-B79D-08AD2BA30596}.Debug|Any CPU.Build.0 = Debug|Any CPU
		{CAAA2B59-55C1-4A20-B79D-08AD2BA30596}.Release|Any CPU.ActiveCfg = Release|Any CPU
		{CAAA2B59-55C1-4A20-B79D-08AD2BA30596}.Release|Any CPU.Build.0 = Release|Any CPU
		{73CF7EDB-D9E7-425D-8D93-5DF5309FB5CF}.Debug|Any CPU.ActiveCfg = Debug|Any CPU
		{73CF7EDB-D9E7-425D-8D93-5DF5309FB5CF}.Debug|Any CPU.Build.0 = Debug|Any CPU
		{73CF7EDB-D9E7-425D-8D93-5DF5309FB5CF}.Release|Any CPU.ActiveCfg = Release|Any CPU
		{73CF7EDB-D9E7-425D-8D93-5DF5309FB5CF}.Release|Any CPU.Build.0 = Release|Any CPU
	EndGlobalSection
	GlobalSection(SolutionProperties) = preSolution
		HideSolutionNode = FALSE
	EndGlobalSection
	GlobalSection(ExtensibilityGlobals) = postSolution
		SolutionGuid = {F2C20BC5-FC43-4BEE-9F68-9EE4DD738C87}
	EndGlobalSection
EndGlobal
