
Microsoft Visual Studio Solution File, Format Version 12.00
# Visual Studio 15
VisualStudioVersion = 15.0.27004.2005
MinimumVisualStudioVersion = 10.0.40219.1
Project("{FAE04EC0-301F-11D3-BF4B-00C04F79EFBC}") = "Dictionarries, Lambda and Linq Ex", "Dictionarries, Lambda and Linq Ex\Dictionarries, Lambda and Linq Ex.csproj", "{68AC19DE-5C38-47C1-9A71-5F881B975665}"
EndProject
Project("{FAE04EC0-301F-11D3-BF4B-00C04F79EFBC}") = "Ex. 1", "Ex. 1\Ex. 1.csproj", "{EC3B721B-85A0-4E75-A8B9-375DAF9F63DE}"
EndProject
Project("{FAE04EC0-301F-11D3-BF4B-00C04F79EFBC}") = "Ex. 2", "Ex. 2\Ex. 2.csproj", "{D15FAE96-DE9B-40EF-9192-F102827E6160}"
EndProject
Project("{FAE04EC0-301F-11D3-BF4B-00C04F79EFBC}") = "Ex. 3", "Ex. 3\Ex. 3.csproj", "{0EA0ED58-B764-462F-BB3B-2338AAF17190}"
EndProject
Project("{FAE04EC0-301F-11D3-BF4B-00C04F79EFBC}") = "Ex. 4", "Ex. 4\Ex. 4.csproj", "{A9AF6B38-6CB9-466C-BB73-198958DBC5C9}"
EndProject
Global
	GlobalSection(SolutionConfigurationPlatforms) = preSolution
		Debug|Any CPU = Debug|Any CPU
		Release|Any CPU = Release|Any CPU
	EndGlobalSection
	GlobalSection(ProjectConfigurationPlatforms) = postSolution
		{68AC19DE-5C38-47C1-9A71-5F881B975665}.Debug|Any CPU.ActiveCfg = Debug|Any CPU
		{68AC19DE-5C38-47C1-9A71-5F881B975665}.Debug|Any CPU.Build.0 = Debug|Any CPU
		{68AC19DE-5C38-47C1-9A71-5F881B975665}.Release|Any CPU.ActiveCfg = Release|Any CPU
		{68AC19DE-5C38-47C1-9A71-5F881B975665}.Release|Any CPU.Build.0 = Release|Any CPU
		{EC3B721B-85A0-4E75-A8B9-375DAF9F63DE}.Debug|Any CPU.ActiveCfg = Debug|Any CPU
		{EC3B721B-85A0-4E75-A8B9-375DAF9F63DE}.Debug|Any CPU.Build.0 = Debug|Any CPU
		{EC3B721B-85A0-4E75-A8B9-375DAF9F63DE}.Release|Any CPU.ActiveCfg = Release|Any CPU
		{EC3B721B-85A0-4E75-A8B9-375DAF9F63DE}.Release|Any CPU.Build.0 = Release|Any CPU
		{D15FAE96-DE9B-40EF-9192-F102827E6160}.Debug|Any CPU.ActiveCfg = Debug|Any CPU
		{D15FAE96-DE9B-40EF-9192-F102827E6160}.Debug|Any CPU.Build.0 = Debug|Any CPU
		{D15FAE96-DE9B-40EF-9192-F102827E6160}.Release|Any CPU.ActiveCfg = Release|Any CPU
		{D15FAE96-DE9B-40EF-9192-F102827E6160}.Release|Any CPU.Build.0 = Release|Any CPU
		{0EA0ED58-B764-462F-BB3B-2338AAF17190}.Debug|Any CPU.ActiveCfg = Debug|Any CPU
		{0EA0ED58-B764-462F-BB3B-2338AAF17190}.Debug|Any CPU.Build.0 = Debug|Any CPU
		{0EA0ED58-B764-462F-BB3B-2338AAF17190}.Release|Any CPU.ActiveCfg = Release|Any CPU
		{0EA0ED58-B764-462F-BB3B-2338AAF17190}.Release|Any CPU.Build.0 = Release|Any CPU
		{A9AF6B38-6CB9-466C-BB73-198958DBC5C9}.Debug|Any CPU.ActiveCfg = Debug|Any CPU
		{A9AF6B38-6CB9-466C-BB73-198958DBC5C9}.Debug|Any CPU.Build.0 = Debug|Any CPU
		{A9AF6B38-6CB9-466C-BB73-198958DBC5C9}.Release|Any CPU.ActiveCfg = Release|Any CPU
		{A9AF6B38-6CB9-466C-BB73-198958DBC5C9}.Release|Any CPU.Build.0 = Release|Any CPU
	EndGlobalSection
	GlobalSection(SolutionProperties) = preSolution
		HideSolutionNode = FALSE
	EndGlobalSection
	GlobalSection(ExtensibilityGlobals) = postSolution
		SolutionGuid = {2090EEE8-D9FA-4CA3-8B10-33E00B3CCE81}
	EndGlobalSection
EndGlobal
