
Microsoft Visual Studio Solution File, Format Version 12.00
# Visual Studio 15
VisualStudioVersion = 15.0.27004.2002
MinimumVisualStudioVersion = 10.0.40219.1
Project("{FAE04EC0-301F-11D3-BF4B-00C04F79EFBC}") = "Dictionarries, Lambda and Linq Ex", "Dictionarries, Lambda and Linq Ex.\Dictionarries, Lambda and Linq Ex.csproj", "{68AC19DE-5C38-47C1-9A71-5F881B975665}"
EndProject
Global
	GlobalSection(SolutionConfigurationPlatforms) = preSolution
		Debug|Any CPU = Debug|Any CPU
		Release|Any CPU = Release|Any CPU
	EndGlobalSection
	GlobalSection(ProjectConfigurationPlatforms) = postSolution
		{68AC19DE-5C38-47C1-9A71-5F881B975665}.Debug|Any CPU.ActiveCfg = Debug|Any CPU
		{68AC19DE-5C38-47C1-9A71-5F881B975665}.Debug|Any CPU.Build.0 = Debug|Any CPU
		{68AC19DE-5C38-47C1-9A71-5F881B975665}.Release|Any CPU.ActiveCfg = Release|Any CPU
		{68AC19DE-5C38-47C1-9A71-5F881B975665}.Release|Any CPU.Build.0 = Release|Any CPU
	EndGlobalSection
	GlobalSection(SolutionProperties) = preSolution
		HideSolutionNode = FALSE
	EndGlobalSection
	GlobalSection(ExtensibilityGlobals) = postSolution
		SolutionGuid = {2090EEE8-D9FA-4CA3-8B10-33E00B3CCE81}
	EndGlobalSection
EndGlobal
