
Microsoft Visual Studio Solution File, Format Version 12.00
# Visual Studio 15
VisualStudioVersion = 15.0.26730.16
MinimumVisualStudioVersion = 10.0.40219.1
Project("{FAE04EC0-301F-11D3-BF4B-00C04F79EFBC}") = "Ex.1", "Methods_Ex\Ex.1.csproj", "{AFF3D15C-16F6-48EC-A399-9852BC3FD739}"
EndProject
Project("{FAE04EC0-301F-11D3-BF4B-00C04F79EFBC}") = "Ex.2.1", "Ex.2.1\Ex.2.1.csproj", "{79593FBB-5F81-473E-8276-C27FB58FB683}"
EndProject
Project("{FAE04EC0-301F-11D3-BF4B-00C04F79EFBC}") = "Ex.3", "Ex.3\Ex.3.csproj", "{CB0CB03D-6D94-4BED-B9F0-7D0D2C054E3F}"
EndProject
Project("{FAE04EC0-301F-11D3-BF4B-00C04F79EFBC}") = "Ex. 4", "Ex. 4\Ex. 4.csproj", "{63C592F9-267E-47DA-8843-8C891F35BF71}"
EndProject
Project("{FAE04EC0-301F-11D3-BF4B-00C04F79EFBC}") = "Ex. 5", "Ex. 5\Ex. 5.csproj", "{684252D3-57F3-4503-B570-CAE56E32F437}"
EndProject
Project("{FAE04EC0-301F-11D3-BF4B-00C04F79EFBC}") = "Ex. 6", "Ex. 6\Ex. 6.csproj", "{F80BE4E5-C0FA-4F2D-87C1-45B62DF46011}"
EndProject
Project("{FAE04EC0-301F-11D3-BF4B-00C04F79EFBC}") = "Ex. 7", "Ex. 7\Ex. 7.csproj", "{764ADBD0-683D-481F-8F23-7476EF5841CD}"
EndProject
Project("{FAE04EC0-301F-11D3-BF4B-00C04F79EFBC}") = "Ex. 8", "Ex. 8\Ex. 8.csproj", "{A0B06FF4-C007-44D0-9285-7A88B7B8D1B0}"
EndProject
Global
	GlobalSection(SolutionConfigurationPlatforms) = preSolution
		Debug|Any CPU = Debug|Any CPU
		Release|Any CPU = Release|Any CPU
	EndGlobalSection
	GlobalSection(ProjectConfigurationPlatforms) = postSolution
		{AFF3D15C-16F6-48EC-A399-9852BC3FD739}.Debug|Any CPU.ActiveCfg = Debug|Any CPU
		{AFF3D15C-16F6-48EC-A399-9852BC3FD739}.Debug|Any CPU.Build.0 = Debug|Any CPU
		{AFF3D15C-16F6-48EC-A399-9852BC3FD739}.Release|Any CPU.ActiveCfg = Release|Any CPU
		{AFF3D15C-16F6-48EC-A399-9852BC3FD739}.Release|Any CPU.Build.0 = Release|Any CPU
		{79593FBB-5F81-473E-8276-C27FB58FB683}.Debug|Any CPU.ActiveCfg = Debug|Any CPU
		{79593FBB-5F81-473E-8276-C27FB58FB683}.Debug|Any CPU.Build.0 = Debug|Any CPU
		{79593FBB-5F81-473E-8276-C27FB58FB683}.Release|Any CPU.ActiveCfg = Release|Any CPU
		{79593FBB-5F81-473E-8276-C27FB58FB683}.Release|Any CPU.Build.0 = Release|Any CPU
		{CB0CB03D-6D94-4BED-B9F0-7D0D2C054E3F}.Debug|Any CPU.ActiveCfg = Debug|Any CPU
		{CB0CB03D-6D94-4BED-B9F0-7D0D2C054E3F}.Debug|Any CPU.Build.0 = Debug|Any CPU
		{CB0CB03D-6D94-4BED-B9F0-7D0D2C054E3F}.Release|Any CPU.ActiveCfg = Release|Any CPU
		{CB0CB03D-6D94-4BED-B9F0-7D0D2C054E3F}.Release|Any CPU.Build.0 = Release|Any CPU
		{63C592F9-267E-47DA-8843-8C891F35BF71}.Debug|Any CPU.ActiveCfg = Debug|Any CPU
		{63C592F9-267E-47DA-8843-8C891F35BF71}.Debug|Any CPU.Build.0 = Debug|Any CPU
		{63C592F9-267E-47DA-8843-8C891F35BF71}.Release|Any CPU.ActiveCfg = Release|Any CPU
		{63C592F9-267E-47DA-8843-8C891F35BF71}.Release|Any CPU.Build.0 = Release|Any CPU
		{684252D3-57F3-4503-B570-CAE56E32F437}.Debug|Any CPU.ActiveCfg = Debug|Any CPU
		{684252D3-57F3-4503-B570-CAE56E32F437}.Debug|Any CPU.Build.0 = Debug|Any CPU
		{684252D3-57F3-4503-B570-CAE56E32F437}.Release|Any CPU.ActiveCfg = Release|Any CPU
		{684252D3-57F3-4503-B570-CAE56E32F437}.Release|Any CPU.Build.0 = Release|Any CPU
		{F80BE4E5-C0FA-4F2D-87C1-45B62DF46011}.Debug|Any CPU.ActiveCfg = Debug|Any CPU
		{F80BE4E5-C0FA-4F2D-87C1-45B62DF46011}.Debug|Any CPU.Build.0 = Debug|Any CPU
		{F80BE4E5-C0FA-4F2D-87C1-45B62DF46011}.Release|Any CPU.ActiveCfg = Release|Any CPU
		{F80BE4E5-C0FA-4F2D-87C1-45B62DF46011}.Release|Any CPU.Build.0 = Release|Any CPU
		{764ADBD0-683D-481F-8F23-7476EF5841CD}.Debug|Any CPU.ActiveCfg = Debug|Any CPU
		{764ADBD0-683D-481F-8F23-7476EF5841CD}.Debug|Any CPU.Build.0 = Debug|Any CPU
		{764ADBD0-683D-481F-8F23-7476EF5841CD}.Release|Any CPU.ActiveCfg = Release|Any CPU
		{764ADBD0-683D-481F-8F23-7476EF5841CD}.Release|Any CPU.Build.0 = Release|Any CPU
		{A0B06FF4-C007-44D0-9285-7A88B7B8D1B0}.Debug|Any CPU.ActiveCfg = Debug|Any CPU
		{A0B06FF4-C007-44D0-9285-7A88B7B8D1B0}.Debug|Any CPU.Build.0 = Debug|Any CPU
		{A0B06FF4-C007-44D0-9285-7A88B7B8D1B0}.Release|Any CPU.ActiveCfg = Release|Any CPU
		{A0B06FF4-C007-44D0-9285-7A88B7B8D1B0}.Release|Any CPU.Build.0 = Release|Any CPU
	EndGlobalSection
	GlobalSection(SolutionProperties) = preSolution
		HideSolutionNode = FALSE
	EndGlobalSection
	GlobalSection(ExtensibilityGlobals) = postSolution
		SolutionGuid = {D0C12EB0-385C-4E02-B66D-DFDF21311C7F}
	EndGlobalSection
EndGlobal
